# This file is autogenerated, do not edit; changes may be undone by the next 'dep ensure'.


[[projects]]
  digest = "1:a2c1d0e43bd3baaa071d1b9ed72c27d78169b2b269f71c105ac4ba34b1be4a39"
  name = "github.com/davecgh/go-spew"
  packages = ["spew"]
  pruneopts = "UT"
  revision = "346938d642f2ec3594ed81d874461961cd0faa76"
  version = "v1.1.0"

[[projects]]
  digest = "1:51ced64e8bb433abf645c215512866f3a2451d773a61749811d564f6df351d8c"
  name = "github.com/gogo/protobuf"
  packages = [
    "proto",
    "protoc-gen-gogo/descriptor",
    "protoc-gen-gogo/plugin",
  ]
  pruneopts = "UT"
  revision = "4cbf7e384e768b4e01799441fdf2a706a5635ae7"
  version = "v1.2.0"

[[projects]]
  digest = "1:f08d7fa739ae3804ef967efbdff0fdaecfc3c0b36196bda00e040c778aac6a44"
  name = "github.com/golang/protobuf"
  packages = [
    "proto",
    "protoc-gen-go/descriptor",
    "protoc-gen-go/plugin",
  ]
  pruneopts = "UT"
  revision = "925541529c1fa6821df4e44ce2723319eb2be768"
  version = "v1.0.0"

[[projects]]
  digest = "1:0028cb19b2e4c3112225cd871870f2d9cf49b9b4276531f03438a88e94be86fe"
  name = "github.com/pmezard/go-difflib"
  packages = ["difflib"]
  pruneopts = "UT"
  revision = "792786c7400a136282c1664665ae0a8db921c6c2"
  version = "v1.0.0"

[[projects]]
  digest = "1:337fd84944f042db0c8b2616a0ebf16a4b96527a8e7f81aafdc27b64e0f5877e"
  name = "github.com/pseudomuto/protokit"
  packages = [
    ".",
    "utils",
  ]
  pruneopts = "UT"
  revision = "7037620bf27b13fcdc10b1b17ddef82540db670b"
  version = "v0.1.0"

[[projects]]
  digest = "1:c52d48fe752736ae45b72959e1e4fc1a5b60d5b56f8fad42c58414daab5f309d"
  name = "github.com/stretchr/testify"
  packages = [
    "assert",
    "require",
    "suite",
  ]
  pruneopts = "UT"
  revision = "12b6f73e6084dad08a7c6e575284b177ecafbc71"
  version = "v1.2.1"

[[projects]]
  digest = "1:cb0d25785929abe0a3bd6148f204ac4ff334774dab2ccb069f154d057fa14ced"
  name = "google.golang.org/genproto"
  packages = ["googleapis/api/annotations"]
  pruneopts = "UT"
  revision = "86e600f69ee4704c6efbf6a2a40a5c10700e76c2"

[solve-meta]
  analyzer-name = "dep"
  analyzer-version = 1
  input-imports = [
    "github.com/gogo/protobuf/proto",
    "github.com/gogo/protobuf/protoc-gen-gogo/descriptor",
    "github.com/gogo/protobuf/protoc-gen-gogo/plugin",
    "github.com/pseudomuto/protokit",
    "github.com/pseudomuto/protokit/utils",
    "github.com/stretchr/testify/suite",
    "google.golang.org/genproto/googleapis/api/annotations",
  ]
  solver-name = "gps-cdcl"
  solver-version = 1
